{
  "originHash" : "04e919182090fe03e88870dccc37539cf5afba5250509ddd262aaf13f0d58a5b",
  "pins" : [
    {
      "identity" : "difference",
      "kind" : "remoteSourceControl",
      "location" : "https://github.com/krzysztofzablocki/Difference.git",
      "state" : {
        "revision" : "f627d00718033c3d7888acd5f4e3524a843db1cf",
        "version" : "1.0.2"
      }
    },
    {
      "identity" : "dswaveformimage",
      "kind" : "remoteSourceControl",
      "location" : "https://github.com/dmrschmidt/DSWaveformImage",
      "state" : {
        "revision" : "4c56578ee10128ee2b2c04c9c5aa73812de722db",
        "version" : "14.2.2"
      }
    },
    {
      "identity" : "snapkit",
      "kind" : "remoteSourceControl",
      "location" : "https://github.com/SnapKit/SnapKit.git",
      "state" : {
        "revision" : "2842e6e84e82eb9a8dac0100ca90d9444b0307f4",
        "version" : "5.7.1"
      }
    },
    {
      "identity" : "swiftsdk",
      "kind" : "remoteSourceControl",
      "location" : "https://github.com/TelemetryDeck/SwiftSDK",
      "state" : {
        "revision" : "bc7467592166e8f93fbde0140d2757b0635e1712",
        "version" : "2.9.10"
      }
    }
  ],
  "version" : 3
}
